# This file is autogenerated, do not edit; changes may be undone by the next 'dep ensure'.


[[projects]]
  name = "github.com/libvirt/libvirt-go"
  packages = ["."]
  revision = "4dcd0a83646c61872dd0a4f65b4525d140a26fcd"
  version = "v3.9.0"

[[projects]]
  name = "github.com/urfave/cli"
  packages = ["."]
  revision = "cfb38830724cc34fedffe9a2a29fb54fa9169cd1"
  version = "v1.20.0"

[solve-meta]
  analyzer-name = "dep"
  analyzer-version = 1
  inputs-digest = "0977d3689c283a642d18098479e16acd8b0a16216ecdd614074954fedfe062cb"
  solver-name = "gps-cdcl"
  solver-version = 1
